<?xml version="1.0" encoding="utf-8"?>
<Project ToolsVersion="4.0" xmlns="http://schemas.microsoft.com/developer/msbuild/2003">
  <ItemGroup>
    <Filter Include="98.SuperClass">
      <UniqueIdentifier>{1c6dd566-63f6-436e-a478-b312cbf75ec4}</UniqueIdentifier>
    </Filter>
    <Filter Include="99.Defines">
      <UniqueIdentifier>{96177d6d-acd3-40f4-b0e1-fde703efb759}</UniqueIdentifier>
    </Filter>
    <Filter Include="00.GameInstance">
      <UniqueIdentifier>{fd6f41e8-508e-4804-9dbc-04fb6764460b}</UniqueIdentifier>
    </Filter>
    <Filter Include="01.Device">
      <UniqueIdentifier>{27fcd324-2eec-4fa2-8abb-f3c779f0d39f}</UniqueIdentifier>
    </Filter>
    <Filter Include="02.Utility">
      <UniqueIdentifier>{894908ef-5bec-4cd0-a789-577d09483493}</UniqueIdentifier>
    </Filter>
    <Filter Include="03.Level">
      <UniqueIdentifier>{c8ae48c8-3cd2-46dc-a8f1-82fa3e7bb665}</UniqueIdentifier>
    </Filter>
    <Filter Include="04.GameObject">
      <UniqueIdentifier>{547f9da3-f507-40a1-95f7-1e76ccba29e4}</UniqueIdentifier>
    </Filter>
    <Filter Include="05.Component">
      <UniqueIdentifier>{df5d924f-442b-4b3b-a62e-aabfa113d557}</UniqueIdentifier>
    </Filter>
    <Filter Include="06.PipeLine">
      <UniqueIdentifier>{3b31bece-83e6-406d-85a5-73e523379e2e}</UniqueIdentifier>
    </Filter>
    <Filter Include="07.Lights">
      <UniqueIdentifier>{5b9d843c-8211-4881-9b8a-39373c5c06c0}</UniqueIdentifier>
    </Filter>
    <Filter Include="01.Device\Graphic">
      <UniqueIdentifier>{b1639be4-a25f-4325-b3c6-03293d53d759}</UniqueIdentifier>
    </Filter>
    <Filter Include="01.Device\Input">
      <UniqueIdentifier>{c43cc370-948f-4419-b3bb-0fe8c7013f19}</UniqueIdentifier>
    </Filter>
    <Filter Include="05.Component\00.Manager">
      <UniqueIdentifier>{fa7f8c41-8514-499b-993e-e07538866df6}</UniqueIdentifier>
    </Filter>
    <Filter Include="05.Component\VIBuffer">
      <UniqueIdentifier>{8f1a129c-1a49-495b-a7a9-8c3a75f8f9ef}</UniqueIdentifier>
    </Filter>
    <Filter Include="05.Component\Renderer">
      <UniqueIdentifier>{6a7a3ace-4f57-4298-97cb-fc695af4a770}</UniqueIdentifier>
    </Filter>
    <Filter Include="02.Utility\00.Manager">
      <UniqueIdentifier>{0db28c08-c5ed-401e-881b-150f82a18b9d}</UniqueIdentifier>
    </Filter>
    <Filter Include="03.Level\00.Manager">
      <UniqueIdentifier>{7d406742-11cc-45fa-a377-0512b951017e}</UniqueIdentifier>
    </Filter>
    <Filter Include="04.GameObject\Layer">
      <UniqueIdentifier>{712177aa-239a-4d39-a870-9c7c6760d6be}</UniqueIdentifier>
    </Filter>
    <Filter Include="04.GameObject\00.Manager">
      <UniqueIdentifier>{c1caf8bd-d2a5-45ae-ae1e-6d0d56180c3c}</UniqueIdentifier>
    </Filter>
    <Filter Include="05.Component\VIBuffer\Rect">
      <UniqueIdentifier>{0d8dc049-003d-433d-8da2-177a291fca59}</UniqueIdentifier>
    </Filter>
    <Filter Include="05.Component\VIBuffer\Terrain">
      <UniqueIdentifier>{9260939d-6829-41b8-a553-3906344d6acd}</UniqueIdentifier>
    </Filter>
    <Filter Include="04.GameObject\Camera">
      <UniqueIdentifier>{73404165-6486-4590-8130-d0fe6cf562bc}</UniqueIdentifier>
    </Filter>
    <Filter Include="Shader">
      <UniqueIdentifier>{4320a4f0-9752-41c4-9e35-73dce2452b14}</UniqueIdentifier>
    </Filter>
    <Filter Include="Texture">
      <UniqueIdentifier>{04d5254d-b958-4e4b-93fb-c93d61f3a96c}</UniqueIdentifier>
    </Filter>
    <Filter Include="07.Lights\Manager">
      <UniqueIdentifier>{59503a71-09a2-4b99-9c6d-8023b0e51b96}</UniqueIdentifier>
    </Filter>
    <Filter Include="05.Component\Model">
      <UniqueIdentifier>{952143dd-ba7e-4b15-a601-b1aeb8acdb05}</UniqueIdentifier>
    </Filter>
    <Filter Include="05.Component\Model\MeshContainer">
      <UniqueIdentifier>{245dadb8-0ff1-4dff-9e2b-6a5a42d6fc95}</UniqueIdentifier>
    </Filter>
    <Filter Include="05.Component\VIBuffer\Cube">
      <UniqueIdentifier>{dd976a50-b0a5-4792-8f36-c2bdcd3b1a2d}</UniqueIdentifier>
    </Filter>
    <Filter Include="08.Picking">
      <UniqueIdentifier>{6a81c7d0-2e57-47ce-99fb-1368ab208c95}</UniqueIdentifier>
    </Filter>
    <Filter Include="05.Component\Model\HierarchyNode">
      <UniqueIdentifier>{be63057f-717c-404b-93fa-3226daacc5f6}</UniqueIdentifier>
    </Filter>
    <Filter Include="05.Component\Model\Animation">
      <UniqueIdentifier>{d3753353-8e11-47e4-927c-742eb35f3766}</UniqueIdentifier>
    </Filter>
    <Filter Include="05.Component\Model\Animation\Channel">
      <UniqueIdentifier>{07be6921-a1cf-4275-a6a6-5f23c08c91e0}</UniqueIdentifier>
    </Filter>
    <Filter Include="08.Culling">
      <UniqueIdentifier>{4f7563c1-c0ef-4ec1-8526-793d3be679cb}</UniqueIdentifier>
    </Filter>
    <Filter Include="05.Component\Transform">
      <UniqueIdentifier>{fb87261b-67d9-4f7a-be6a-421d75718876}</UniqueIdentifier>
    </Filter>
    <Filter Include="05.Component\Navigation">
      <UniqueIdentifier>{a859862e-8d2a-44bf-954f-90a3a90bca05}</UniqueIdentifier>
    </Filter>
    <Filter Include="05.Component\Navigation\Cell">
      <UniqueIdentifier>{0b5639ca-d541-481a-8a32-818f9f5afbf2}</UniqueIdentifier>
    </Filter>
    <Filter Include="05.Component\VIBuffer\Cell">
      <UniqueIdentifier>{13dc6750-2e64-4ed4-9ff7-b6e974af2845}</UniqueIdentifier>
    </Filter>
    <Filter Include="05.Component\Navigation\Cell\ShaderFile">
      <UniqueIdentifier>{b6920e2e-ff5b-4f3a-9c01-d08ee66fe830}</UniqueIdentifier>
    </Filter>
    <Filter Include="05.Component\Collider">
      <UniqueIdentifier>{25311ea0-50db-4078-857c-02a44583df2c}</UniqueIdentifier>
    </Filter>
    <Filter Include="04.GameObject\00.Manager\Player_Management">
      <UniqueIdentifier>{f5df953b-60c2-4da3-ac37-9908e2d4fd30}</UniqueIdentifier>
    </Filter>
    <Filter Include="04.GameObject\00.Manager\HP_MangeMent">
      <UniqueIdentifier>{d254c904-2499-4f65-ba22-fe81b3458c21}</UniqueIdentifier>
    </Filter>
    <Filter Include="04.GameObject\00.Manager\Director_Management">
      <UniqueIdentifier>{be26365f-faa7-4f66-8c52-081c9bef0649}</UniqueIdentifier>
    </Filter>
    <Filter Include="05.Component\VIBuffer\Instance">
      <UniqueIdentifier>{4b9f7119-6102-41e5-a59e-1eee90c419ac}</UniqueIdentifier>
    </Filter>
    <Filter Include="Font">
      <UniqueIdentifier>{315f2aa9-dcac-4bc8-a5fd-01e7044cbbaa}</UniqueIdentifier>
    </Filter>
    <Filter Include="SoundMgr">
      <UniqueIdentifier>{433a739e-4c5e-41f4-8675-0939fb437847}</UniqueIdentifier>
    </Filter>
  </ItemGroup>
  <ItemGroup>
    <ClInclude Include="..\Public\Engine_Defines.h">
      <Filter>99.Defines</Filter>
    </ClInclude>
    <ClInclude Include="..\Public\Base.h">
      <Filter>98.SuperClass</Filter>
    </ClInclude>
    <ClInclude Include="..\Public\Engine_Struct.h">
      <Filter>99.Defines</Filter>
    </ClInclude>
    <ClInclude Include="..\Public\Engine_Typedef.h">
      <Filter>99.Defines</Filter>
    </ClInclude>
    <ClInclude Include="..\Public\Engine_Function.h">
      <Filter>99.Defines</Filter>
    </ClInclude>
    <ClInclude Include="..\Public\Engine_Macro.h">
      <Filter>99.Defines</Filter>
    </ClInclude>
    <ClInclude Include="..\Public\Input_Device.h">
      <Filter>01.Device\Input</Filter>
    </ClInclude>
    <ClInclude Include="..\Public\Graphic_Device.h">
      <Filter>01.Device\Graphic</Filter>
    </ClInclude>
    <ClInclude Include="..\Public\Component.h">
      <Filter>05.Component</Filter>
    </ClInclude>
    <ClInclude Include="..\Public\Component_Manager.h">
      <Filter>05.Component\00.Manager</Filter>
    </ClInclude>
    <ClInclude Include="..\Public\VIBuffer.h">
      <Filter>05.Component\VIBuffer</Filter>
    </ClInclude>
    <ClInclude Include="..\Public\GameObject.h">
      <Filter>04.GameObject</Filter>
    </ClInclude>
    <ClInclude Include="..\Public\GameInstance.h">
      <Filter>00.GameInstance</Filter>
    </ClInclude>
    <ClInclude Include="..\Public\Timer_Manager.h">
      <Filter>02.Utility\00.Manager</Filter>
    </ClInclude>
    <ClInclude Include="..\Public\Timer.h">
      <Filter>02.Utility</Filter>
    </ClInclude>
    <ClInclude Include="..\Public\Layer.h">
      <Filter>04.GameObject\Layer</Filter>
    </ClInclude>
    <ClInclude Include="..\Public\Level_Manager.h">
      <Filter>03.Level\00.Manager</Filter>
    </ClInclude>
    <ClInclude Include="..\Public\Level.h">
      <Filter>03.Level</Filter>
    </ClInclude>
    <ClInclude Include="..\Public\Object_Manager.h">
      <Filter>04.GameObject\00.Manager</Filter>
    </ClInclude>
    <ClInclude Include="..\Public\VIBuffer_Terrain.h">
      <Filter>05.Component\VIBuffer\Terrain</Filter>
    </ClInclude>
    <ClInclude Include="..\Public\VIBuffer_Rect.h">
      <Filter>05.Component\VIBuffer\Rect</Filter>
    </ClInclude>
    <ClInclude Include="..\Public\PipeLine.h">
      <Filter>06.PipeLine</Filter>
    </ClInclude>
    <ClInclude Include="..\Public\Camera.h">
      <Filter>04.GameObject\Camera</Filter>
    </ClInclude>
    <ClInclude Include="..\Public\Shader.h">
      <Filter>Shader</Filter>
    </ClInclude>
    <ClInclude Include="..\Public\Texture.h">
      <Filter>Texture</Filter>
    </ClInclude>
    <ClInclude Include="..\Public\Light.h">
      <Filter>07.Lights</Filter>
    </ClInclude>
    <ClInclude Include="..\Public\Light_Manager.h">
      <Filter>07.Lights\Manager</Filter>
    </ClInclude>
    <ClInclude Include="..\Public\MeshContainer.h">
      <Filter>05.Component\Model\MeshContainer</Filter>
    </ClInclude>
    <ClInclude Include="..\Public\VIBuffer_Cube.h">
      <Filter>05.Component\VIBuffer\Cube</Filter>
    </ClInclude>
    <ClInclude Include="..\Public\Transform.h">
      <Filter>05.Component\Transform</Filter>
    </ClInclude>
    <ClInclude Include="..\Public\Renderer.h">
      <Filter>05.Component\Renderer</Filter>
    </ClInclude>
    <ClInclude Include="..\Public\Picking.h">
      <Filter>08.Picking</Filter>
    </ClInclude>
    <ClInclude Include="..\Public\HierarchyNode.h">
      <Filter>05.Component\Model\HierarchyNode</Filter>
    </ClInclude>
    <ClInclude Include="..\Public\Animation.h">
      <Filter>05.Component\Model\Animation</Filter>
    </ClInclude>
    <ClInclude Include="..\Public\Channel.h">
      <Filter>05.Component\Model\Animation\Channel</Filter>
    </ClInclude>
    <ClInclude Include="..\Public\Model.h">
      <Filter>05.Component\Model</Filter>
    </ClInclude>
    <ClInclude Include="Engine__ObjInfo.h">
      <Filter>99.Defines</Filter>
    </ClInclude>
    <ClInclude Include="..\Public\Culling.h" />
    <ClInclude Include="..\Public\Navigation.h">
      <Filter>05.Component\Navigation</Filter>
    </ClInclude>
    <ClInclude Include="..\Public\VIBuffer_Cell.h">
      <Filter>05.Component\VIBuffer\Cell</Filter>
    </ClInclude>
    <ClInclude Include="..\Public\Cell.h">
      <Filter>05.Component\Navigation\Cell</Filter>
    </ClInclude>
    <ClInclude Include="..\Public\Collider.h">
      <Filter>05.Component\Collider</Filter>
    </ClInclude>
    <ClInclude Include="..\Public\DebugDraw.h">
      <Filter>05.Component\Collider</Filter>
    </ClInclude>
    <ClInclude Include="..\Public\Frustum.h">
      <Filter>08.Culling</Filter>
    </ClInclude>
    <ClInclude Include="..\Public\Player_Management.h">
      <Filter>04.GameObject\00.Manager\Player_Management</Filter>
    </ClInclude>
    <ClInclude Include="..\Public\Hp_Management.h">
      <Filter>04.GameObject\00.Manager\HP_MangeMent</Filter>
    </ClInclude>
    <ClInclude Include="..\Public\Director_Management.h">
      <Filter>04.GameObject\00.Manager\Director_Management</Filter>
    </ClInclude>
    <ClInclude Include="..\Public\RenderTarget.h">
      <Filter>05.Component\Renderer</Filter>
    </ClInclude>
    <ClInclude Include="..\Public\Target_Manager.h">
      <Filter>05.Component\Renderer</Filter>
    </ClInclude>
    <ClInclude Include="..\Public\VIBuffer_Point_Instance.h">
      <Filter>05.Component\VIBuffer\Instance</Filter>
    </ClInclude>
    <ClInclude Include="..\Public\CustomFont.h">
      <Filter>Font</Filter>
    </ClInclude>
    <ClInclude Include="..\Public\Font_Manager.h">
      <Filter>Font</Filter>
    </ClInclude>
    <ClInclude Include="..\Public\VIBuffer_Rect_Instance.h">
      <Filter>05.Component\VIBuffer\Instance</Filter>
    </ClInclude>
    <ClInclude Include="..\Public\SoundMgr.h">
      <Filter>SoundMgr</Filter>
    </ClInclude>
  </ItemGroup>
  <ItemGroup>
    <ClCompile Include="..\Private\Base.cpp">
      <Filter>98.SuperClass</Filter>
    </ClCompile>
    <ClCompile Include="..\Private\Input_Device.cpp">
      <Filter>01.Device\Input</Filter>
    </ClCompile>
    <ClCompile Include="..\Private\Graphic_Device.cpp">
      <Filter>01.Device\Graphic</Filter>
    </ClCompile>
    <ClCompile Include="..\Private\Component.cpp">
      <Filter>05.Component</Filter>
    </ClCompile>
    <ClCompile Include="..\Private\Component_Manager.cpp">
      <Filter>05.Component\00.Manager</Filter>
    </ClCompile>
    <ClCompile Include="..\Private\VIBuffer.cpp">
      <Filter>05.Component\VIBuffer</Filter>
    </ClCompile>
    <ClCompile Include="..\Private\GameObject.cpp">
      <Filter>04.GameObject</Filter>
    </ClCompile>
    <ClCompile Include="..\Private\GameInstance.cpp">
      <Filter>00.GameInstance</Filter>
    </ClCompile>
    <ClCompile Include="..\Private\Timer_Manager.cpp">
      <Filter>02.Utility\00.Manager</Filter>
    </ClCompile>
    <ClCompile Include="..\Private\Timer.cpp">
      <Filter>02.Utility</Filter>
    </ClCompile>
    <ClCompile Include="..\Private\Layer.cpp">
      <Filter>04.GameObject\Layer</Filter>
    </ClCompile>
    <ClCompile Include="..\Private\Level_Manager.cpp">
      <Filter>03.Level\00.Manager</Filter>
    </ClCompile>
    <ClCompile Include="..\Private\Level.cpp">
      <Filter>03.Level</Filter>
    </ClCompile>
    <ClCompile Include="..\Private\Object_Manager.cpp">
      <Filter>04.GameObject\00.Manager</Filter>
    </ClCompile>
    <ClCompile Include="..\Private\VIBuffer_Terrain.cpp">
      <Filter>05.Component\VIBuffer\Terrain</Filter>
    </ClCompile>
    <ClCompile Include="..\Private\VIBuffer_Rect.cpp">
      <Filter>05.Component\VIBuffer\Rect</Filter>
    </ClCompile>
    <ClCompile Include="..\Private\PipeLine.cpp">
      <Filter>06.PipeLine</Filter>
    </ClCompile>
    <ClCompile Include="..\Private\Camera.cpp">
      <Filter>04.GameObject\Camera</Filter>
    </ClCompile>
    <ClCompile Include="..\Private\Shader.cpp">
      <Filter>Shader</Filter>
    </ClCompile>
    <ClCompile Include="..\Private\Texture.cpp">
      <Filter>Texture</Filter>
    </ClCompile>
    <ClCompile Include="..\Private\Light.cpp">
      <Filter>07.Lights</Filter>
    </ClCompile>
    <ClCompile Include="..\Private\Light_Manager.cpp">
      <Filter>07.Lights\Manager</Filter>
    </ClCompile>
    <ClCompile Include="..\Private\MeshContainer.cpp">
      <Filter>05.Component\Model\MeshContainer</Filter>
    </ClCompile>
    <ClCompile Include="..\Private\VIBuffer_Cube.cpp">
      <Filter>05.Component\VIBuffer\Cube</Filter>
    </ClCompile>
    <ClCompile Include="..\Public\Engine_Struct.cpp">
      <Filter>99.Defines</Filter>
    </ClCompile>
    <ClCompile Include="..\Private\Transform.cpp">
      <Filter>05.Component\Transform</Filter>
    </ClCompile>
    <ClCompile Include="..\Private\Renderer.cpp">
      <Filter>05.Component\Renderer</Filter>
    </ClCompile>
    <ClCompile Include="..\Private\Picking.cpp">
      <Filter>08.Picking</Filter>
    </ClCompile>
    <ClCompile Include="..\Private\HierarchyNode.cpp">
      <Filter>05.Component\Model\HierarchyNode</Filter>
    </ClCompile>
    <ClCompile Include="..\Private\Animation.cpp">
      <Filter>05.Component\Model\Animation</Filter>
    </ClCompile>
    <ClCompile Include="..\Private\Channel.cpp">
      <Filter>05.Component\Model\Animation\Channel</Filter>
    </ClCompile>
    <ClCompile Include="..\Private\Model.cpp">
      <Filter>05.Component\Model</Filter>
    </ClCompile>
    <ClCompile Include="..\Private\Culling.cpp" />
    <ClCompile Include="..\Private\Navigation.cpp">
      <Filter>05.Component\Navigation</Filter>
    </ClCompile>
    <ClCompile Include="..\Private\VIBuffer_Cell.cpp">
      <Filter>05.Component\VIBuffer\Cell</Filter>
    </ClCompile>
    <ClCompile Include="..\Private\Cell.cpp">
      <Filter>05.Component\Navigation\Cell</Filter>
    </ClCompile>
    <ClCompile Include="..\Private\Collider.cpp">
      <Filter>05.Component\Collider</Filter>
    </ClCompile>
    <ClCompile Include="..\Private\DebugDraw.cpp">
      <Filter>05.Component\Collider</Filter>
    </ClCompile>
    <ClCompile Include="..\Private\Frustum.cpp">
      <Filter>08.Culling</Filter>
    </ClCompile>
    <ClCompile Include="..\Private\Player_Management.cpp">
      <Filter>04.GameObject\00.Manager\Player_Management</Filter>
    </ClCompile>
    <ClCompile Include="..\Private\Hp_Management.cpp">
      <Filter>04.GameObject\00.Manager\HP_MangeMent</Filter>
    </ClCompile>
    <ClCompile Include="..\Private\Director_Management.cpp">
      <Filter>04.GameObject\00.Manager\Director_Management</Filter>
    </ClCompile>
    <ClCompile Include="..\Private\RenderTarget.cpp">
      <Filter>05.Component\Renderer</Filter>
    </ClCompile>
    <ClCompile Include="..\Private\Target_Manager.cpp">
      <Filter>05.Component\Renderer</Filter>
    </ClCompile>
    <ClCompile Include="..\Private\VIBuffer_Point_Instance.cpp">
      <Filter>05.Component\VIBuffer\Instance</Filter>
    </ClCompile>
    <ClCompile Include="..\Private\CustomFont.cpp">
      <Filter>Font</Filter>
    </ClCompile>
    <ClCompile Include="..\Private\Font_Manager.cpp">
      <Filter>Font</Filter>
    </ClCompile>
    <ClCompile Include="..\Private\VIBuffer_Rect_Instance.cpp">
      <Filter>05.Component\VIBuffer\Instance</Filter>
    </ClCompile>
    <ClCompile Include="..\Private\SoundMgr.cpp">
      <Filter>SoundMgr</Filter>
    </ClCompile>
  </ItemGroup>
</Project>